
Microsoft Visual Studio Solution File, Format Version 12.00
# Visual Studio Version 16
VisualStudioVersion = 16.0.31911.196
MinimumVisualStudioVersion = 10.0.40219.1
Project("{FAE04EC0-301F-11D3-BF4B-00C04F79EFBC}") = "TreasureHunt", "TreasureHunt.csproj", "{ECA96176-CC90-4ECD-BAA9-8362C238FE7A}"
EndProject
Global
	GlobalSection(SolutionConfigurationPlatforms) = preSolution
		Debug|Any CPU = Debug|Any CPU
		Release|Any CPU = Release|Any CPU
	EndGlobalSection
	GlobalSection(ProjectConfigurationPlatforms) = postSolution
		{ECA96176-CC90-4ECD-BAA9-8362C238FE7A}.Debug|Any CPU.ActiveCfg = Debug|Any CPU
		{ECA96176-CC90-4ECD-BAA9-8362C238FE7A}.Debug|Any CPU.Build.0 = Debug|Any CPU
		{ECA96176-CC90-4ECD-BAA9-8362C238FE7A}.Release|Any CPU.ActiveCfg = Release|Any CPU
		{ECA96176-CC90-4ECD-BAA9-8362C238FE7A}.Release|Any CPU.Build.0 = Release|Any CPU
	EndGlobalSection
	GlobalSection(SolutionProperties) = preSolution
		HideSolutionNode = FALSE
	EndGlobalSection
	GlobalSection(ExtensibilityGlobals) = postSolution
		SolutionGuid = {F503E193-B996-4923-BF5C-C30E04058551}
	EndGlobalSection
EndGlobal
